
Microsoft Visual Studio Solution File, Format Version 12.00
# Visual Studio Version 17
VisualStudioVersion = 17.4.33403.182
MinimumVisualStudioVersion = 10.0.40219.1
Project("{FAE04EC0-301F-11D3-BF4B-00C04F79EFBC}") = "ApiPersons", "ApiPersons\ApiPersons.csproj", "{48F37910-F8DB-4A2A-BEA0-F65525BA9ECE}"
EndProject
Global
	GlobalSection(SolutionConfigurationPlatforms) = preSolution
		Debug|Any CPU = Debug|Any CPU
		Release|Any CPU = Release|Any CPU
	EndGlobalSection
	GlobalSection(ProjectConfigurationPlatforms) = postSolution
		{48F37910-F8DB-4A2A-BEA0-F65525BA9ECE}.Debug|Any CPU.ActiveCfg = Debug|Any CPU
		{48F37910-F8DB-4A2A-BEA0-F65525BA9ECE}.Debug|Any CPU.Build.0 = Debug|Any CPU
		{48F37910-F8DB-4A2A-BEA0-F65525BA9ECE}.Release|Any CPU.ActiveCfg = Release|Any CPU
		{48F37910-F8DB-4A2A-BEA0-F65525BA9ECE}.Release|Any CPU.Build.0 = Release|Any CPU
	EndGlobalSection
	GlobalSection(SolutionProperties) = preSolution
		HideSolutionNode = FALSE
	EndGlobalSection
	GlobalSection(ExtensibilityGlobals) = postSolution
		SolutionGuid = {7F84D44B-7101-492D-9BB5-CF41A90063E8}
	EndGlobalSection
EndGlobal
